
Microsoft Visual Studio Solution File, Format Version 12.00
# Visual Studio Version 17
VisualStudioVersion = 17.0.31903.59
MinimumVisualStudioVersion = 10.0.40219.1
Project("{FAE04EC0-301F-11D3-BF4B-00C04F79EFBC}") = "Geometry", "Geometry\Geometry.csproj", "{91C06086-50BF-41A5-9779-9B84CE443822}"
EndProject
Project("{FAE04EC0-301F-11D3-BF4B-00C04F79EFBC}") = "World", "World\World.csproj", "{644EEAF2-670A-4650-BEF6-804E261CB6D0}"
EndProject
Project("{FAE04EC0-301F-11D3-BF4B-00C04F79EFBC}") = "Demo", "Demo\Demo.csproj", "{BF6F989A-DA4E-46F1-A3AC-C7529E39DE14}"
EndProject
Project("{FAE04EC0-301F-11D3-BF4B-00C04F79EFBC}") = "Geometry.Predicates", "Geometry.Predicates\Geometry.Predicates.csproj", "{33652EF2-076D-4526-83FA-365DACB89BD6}"
EndProject
Project("{FAE04EC0-301F-11D3-BF4B-00C04F79EFBC}") = "Topology", "Topology\Topology.csproj", "{4B42BA46-763B-481F-940D-BB5757884E92}"
EndProject
Project("{FAE04EC0-301F-11D3-BF4B-00C04F79EFBC}") = "IO", "IO\IO.csproj", "{7A4598ED-26DC-4B7F-80BA-E7B94E3913E2}"
EndProject
Project("{FAE04EC0-301F-11D3-BF4B-00C04F79EFBC}") = "Boolean.Pipeline", "Boolean.Pipeline\Boolean.Pipeline.csproj", "{37B28CDE-1D32-4FEF-9AA7-092356DDD9D0}"
EndProject
Project("{FAE04EC0-301F-11D3-BF4B-00C04F79EFBC}") = "Boolean.Assembly", "Boolean.Assembly\Boolean.Assembly.csproj", "{144B20F2-AA1E-45D7-8D44-E3535D4D436E}"
EndProject
Project("{FAE04EC0-301F-11D3-BF4B-00C04F79EFBC}") = "Boolean.Classification", "Boolean.Classification\Boolean.Classification.csproj", "{074FBC9B-5DBD-40D4-9D60-C259F57CD265}"
EndProject
Project("{FAE04EC0-301F-11D3-BF4B-00C04F79EFBC}") = "Boolean.Intersection.Pair", "Boolean.Intersection.Pair\Boolean.Intersection.Pair.csproj", "{E3CD6166-C938-40F6-AB81-2D1A4B66F666}"
EndProject
Project("{FAE04EC0-301F-11D3-BF4B-00C04F79EFBC}") = "Boolean.Intersection.Graph", "Boolean.Intersection.Graph\Boolean.Intersection.Graph.csproj", "{F3DC5BB2-8CF9-436D-B7A3-1E0E1C32980B}"
EndProject
Project("{FAE04EC0-301F-11D3-BF4B-00C04F79EFBC}") = "Boolean.MeshInterop", "Boolean.MeshInterop\Boolean.MeshInterop.csproj", "{5BC059C6-FDBC-4D0E-9CBB-C9F8DC7BF818}"
EndProject
Project("{FAE04EC0-301F-11D3-BF4B-00C04F79EFBC}") = "Boolean.Patching", "Boolean.Patching\Boolean.Patching.csproj", "{CF017BC6-F392-43F7-8E24-B45B599E934D}"
EndProject
Project("{FAE04EC0-301F-11D3-BF4B-00C04F79EFBC}") = "Boolean.Selection", "Boolean.Selection\Boolean.Selection.csproj", "{99D06C91-A40F-486D-997B-C1696A6C2D11}"
EndProject
Project("{FAE04EC0-301F-11D3-BF4B-00C04F79EFBC}") = "Boolean.Triangulation", "Boolean.Triangulation\Boolean.Triangulation.csproj", "{B59561F1-A14E-4E0F-9B5C-0AC6EE207AB2}"
EndProject
Project("{FAE04EC0-301F-11D3-BF4B-00C04F79EFBC}") = "Boolean.Triangulation.Pslg", "Boolean.Triangulation.Pslg\Boolean.Triangulation.Pslg.csproj", "{28B20BC7-081D-46E9-9A3A-6F33A095F61E}"
EndProject
Project("{FAE04EC0-301F-11D3-BF4B-00C04F79EFBC}") = "Boolean.Triangulation.Triangulator", "Boolean.Triangulation.Triangulator\Boolean.Triangulation.Triangulator.csproj", "{AD72FF9E-8012-4A54-876F-5B865307C4C7}"
EndProject
Project("{FAE04EC0-301F-11D3-BF4B-00C04F79EFBC}") = "Boolean.Operation", "Boolean.Operation\Boolean.Operation.csproj", "{EE42D80B-F746-41DE-97DB-73A319E7ABFF}"
EndProject
Project("{FAE04EC0-301F-11D3-BF4B-00C04F79EFBC}") = "Demo.Boolean.Mesh", "Demo.Boolean.Mesh\Demo.Boolean.Mesh.csproj", "{67130B8D-3E8A-4A4C-BEAD-923AF62E941D}"
EndProject
Project("{FAE04EC0-301F-11D3-BF4B-00C04F79EFBC}") = "Demo.Boolean.Intersections", "Demo.Boolean.Intersections\Demo.Boolean.Intersections.csproj", "{DE2E2206-322B-4356-8164-BC54ED242AFE}"
EndProject
Project("{FAE04EC0-301F-11D3-BF4B-00C04F79EFBC}") = "Demo.Boolean.Triangulation.Triangulator", "Demo.Boolean.Triangulation.Triangulator\Demo.Boolean.Triangulation.Triangulator.csproj", "{F3032A5F-F789-4BCA-BDC2-35BDF30EBCB9}"
EndProject
Project("{FAE04EC0-301F-11D3-BF4B-00C04F79EFBC}") = "Tests.Topology", "Tests.Topology\Tests.Topology.csproj", "{2DD65EA9-80C8-4212-B3EA-C0E4963DD965}"
EndProject
Project("{FAE04EC0-301F-11D3-BF4B-00C04F79EFBC}") = "Tests.Geometry", "Tests.Geometry\Tests.Geometry.csproj", "{673A5B6F-B0BD-492E-84CE-75AF711C01E4}"
EndProject
Project("{FAE04EC0-301F-11D3-BF4B-00C04F79EFBC}") = "Demo.Boolean.Mesh.Cheese", "Demo.Boolean.Mesh.Cheese\Demo.Boolean.Mesh.Cheese.csproj", "{63110DFC-A7D6-4CDD-8695-FA40BB60C82A}"
EndProject
Project("{FAE04EC0-301F-11D3-BF4B-00C04F79EFBC}") = "Tests.Boolean.Pslg", "Tests.Boolean.Pslg\Tests.Boolean.Pslg.csproj", "{E96E02DF-061D-4E2F-B55C-80410F27E721}"
EndProject
Project("{FAE04EC0-301F-11D3-BF4B-00C04F79EFBC}") = "Tests.Boolean.Classification", "Tests.Boolean.Classification\Tests.Boolean.Classification.csproj", "{9350CCC9-7D7D-4FD5-B7BE-235885AF5A1E}"
EndProject
Project("{FAE04EC0-301F-11D3-BF4B-00C04F79EFBC}") = "Tests.Boolean.Intersection.Pair", "Tests.Boolean.Intersection.Pair\Tests.Boolean.Intersection.Pair.csproj", "{12E9B8DF-BD7D-4959-8957-40257024DE62}"
EndProject
Project("{FAE04EC0-301F-11D3-BF4B-00C04F79EFBC}") = "Tests.Boolean.Intersection.Graph", "Tests.Boolean.Intersection.Graph\Tests.Boolean.Intersection.Graph.csproj", "{878CD588-6061-4A38-826E-9588AA354CB2}"
EndProject
Project("{FAE04EC0-301F-11D3-BF4B-00C04F79EFBC}") = "Tests.Boolean.Patching", "Tests.Boolean.Patching\Tests.Boolean.Patching.csproj", "{CF356B22-6AC3-49CE-824E-B4CB777AC2A2}"
EndProject
Project("{FAE04EC0-301F-11D3-BF4B-00C04F79EFBC}") = "Tests.Boolean.Selection", "Tests.Boolean.Selection\Tests.Boolean.Selection.csproj", "{F9E42432-DFF7-4738-AFA6-4A1074FF5F34}"
EndProject
Project("{FAE04EC0-301F-11D3-BF4B-00C04F79EFBC}") = "Tests.Boolean.Assembly", "Tests.Boolean.Assembly\Tests.Boolean.Assembly.csproj", "{C7C86DA6-90B7-4E59-8424-376B8CFE73BB}"
EndProject
Project("{FAE04EC0-301F-11D3-BF4B-00C04F79EFBC}") = "Tests.Boolean.Operation", "Tests.Boolean.Operation\Tests.Boolean.Operation.csproj", "{E950E4DF-5775-464F-A73E-A11F806DC3C3}"
EndProject
Project("{FAE04EC0-301F-11D3-BF4B-00C04F79EFBC}") = "Tests.Boolean.Triangulation", "Tests.Boolean.Triangulation\Tests.Boolean.Triangulation.csproj", "{C0826163-27B3-436F-A007-78E0D22AAD91}"
EndProject
Global
	GlobalSection(SolutionConfigurationPlatforms) = preSolution
		Debug|Any CPU = Debug|Any CPU
		Release|Any CPU = Release|Any CPU
	EndGlobalSection
	GlobalSection(ProjectConfigurationPlatforms) = postSolution
		{91C06086-50BF-41A5-9779-9B84CE443822}.Debug|Any CPU.ActiveCfg = Debug|Any CPU
		{91C06086-50BF-41A5-9779-9B84CE443822}.Debug|Any CPU.Build.0 = Debug|Any CPU
		{91C06086-50BF-41A5-9779-9B84CE443822}.Release|Any CPU.ActiveCfg = Release|Any CPU
		{91C06086-50BF-41A5-9779-9B84CE443822}.Release|Any CPU.Build.0 = Release|Any CPU
		{644EEAF2-670A-4650-BEF6-804E261CB6D0}.Debug|Any CPU.ActiveCfg = Debug|Any CPU
		{644EEAF2-670A-4650-BEF6-804E261CB6D0}.Debug|Any CPU.Build.0 = Debug|Any CPU
		{644EEAF2-670A-4650-BEF6-804E261CB6D0}.Release|Any CPU.ActiveCfg = Release|Any CPU
		{644EEAF2-670A-4650-BEF6-804E261CB6D0}.Release|Any CPU.Build.0 = Release|Any CPU
		{BF6F989A-DA4E-46F1-A3AC-C7529E39DE14}.Debug|Any CPU.ActiveCfg = Debug|Any CPU
		{BF6F989A-DA4E-46F1-A3AC-C7529E39DE14}.Debug|Any CPU.Build.0 = Debug|Any CPU
		{BF6F989A-DA4E-46F1-A3AC-C7529E39DE14}.Release|Any CPU.ActiveCfg = Release|Any CPU
		{BF6F989A-DA4E-46F1-A3AC-C7529E39DE14}.Release|Any CPU.Build.0 = Release|Any CPU
		{33652EF2-076D-4526-83FA-365DACB89BD6}.Debug|Any CPU.ActiveCfg = Debug|Any CPU
		{33652EF2-076D-4526-83FA-365DACB89BD6}.Debug|Any CPU.Build.0 = Debug|Any CPU
		{33652EF2-076D-4526-83FA-365DACB89BD6}.Release|Any CPU.ActiveCfg = Release|Any CPU
		{33652EF2-076D-4526-83FA-365DACB89BD6}.Release|Any CPU.Build.0 = Release|Any CPU
		{4B42BA46-763B-481F-940D-BB5757884E92}.Debug|Any CPU.ActiveCfg = Debug|Any CPU
		{4B42BA46-763B-481F-940D-BB5757884E92}.Debug|Any CPU.Build.0 = Debug|Any CPU
		{4B42BA46-763B-481F-940D-BB5757884E92}.Release|Any CPU.ActiveCfg = Release|Any CPU
		{4B42BA46-763B-481F-940D-BB5757884E92}.Release|Any CPU.Build.0 = Release|Any CPU
		{7A4598ED-26DC-4B7F-80BA-E7B94E3913E2}.Debug|Any CPU.ActiveCfg = Debug|Any CPU
		{7A4598ED-26DC-4B7F-80BA-E7B94E3913E2}.Debug|Any CPU.Build.0 = Debug|Any CPU
		{7A4598ED-26DC-4B7F-80BA-E7B94E3913E2}.Release|Any CPU.ActiveCfg = Release|Any CPU
		{7A4598ED-26DC-4B7F-80BA-E7B94E3913E2}.Release|Any CPU.Build.0 = Release|Any CPU
		{37B28CDE-1D32-4FEF-9AA7-092356DDD9D0}.Debug|Any CPU.ActiveCfg = Debug|Any CPU
		{37B28CDE-1D32-4FEF-9AA7-092356DDD9D0}.Debug|Any CPU.Build.0 = Debug|Any CPU
		{37B28CDE-1D32-4FEF-9AA7-092356DDD9D0}.Release|Any CPU.ActiveCfg = Release|Any CPU
		{37B28CDE-1D32-4FEF-9AA7-092356DDD9D0}.Release|Any CPU.Build.0 = Release|Any CPU
		{144B20F2-AA1E-45D7-8D44-E3535D4D436E}.Debug|Any CPU.ActiveCfg = Debug|Any CPU
		{144B20F2-AA1E-45D7-8D44-E3535D4D436E}.Debug|Any CPU.Build.0 = Debug|Any CPU
		{144B20F2-AA1E-45D7-8D44-E3535D4D436E}.Release|Any CPU.ActiveCfg = Release|Any CPU
		{144B20F2-AA1E-45D7-8D44-E3535D4D436E}.Release|Any CPU.Build.0 = Release|Any CPU
		{074FBC9B-5DBD-40D4-9D60-C259F57CD265}.Debug|Any CPU.ActiveCfg = Debug|Any CPU
		{074FBC9B-5DBD-40D4-9D60-C259F57CD265}.Debug|Any CPU.Build.0 = Debug|Any CPU
		{074FBC9B-5DBD-40D4-9D60-C259F57CD265}.Release|Any CPU.ActiveCfg = Release|Any CPU
		{074FBC9B-5DBD-40D4-9D60-C259F57CD265}.Release|Any CPU.Build.0 = Release|Any CPU
		{E3CD6166-C938-40F6-AB81-2D1A4B66F666}.Debug|Any CPU.ActiveCfg = Debug|Any CPU
		{E3CD6166-C938-40F6-AB81-2D1A4B66F666}.Debug|Any CPU.Build.0 = Debug|Any CPU
		{E3CD6166-C938-40F6-AB81-2D1A4B66F666}.Release|Any CPU.ActiveCfg = Release|Any CPU
		{E3CD6166-C938-40F6-AB81-2D1A4B66F666}.Release|Any CPU.Build.0 = Release|Any CPU
		{F3DC5BB2-8CF9-436D-B7A3-1E0E1C32980B}.Debug|Any CPU.ActiveCfg = Debug|Any CPU
		{F3DC5BB2-8CF9-436D-B7A3-1E0E1C32980B}.Debug|Any CPU.Build.0 = Debug|Any CPU
		{F3DC5BB2-8CF9-436D-B7A3-1E0E1C32980B}.Release|Any CPU.ActiveCfg = Release|Any CPU
		{F3DC5BB2-8CF9-436D-B7A3-1E0E1C32980B}.Release|Any CPU.Build.0 = Release|Any CPU
		{5BC059C6-FDBC-4D0E-9CBB-C9F8DC7BF818}.Debug|Any CPU.ActiveCfg = Debug|Any CPU
		{5BC059C6-FDBC-4D0E-9CBB-C9F8DC7BF818}.Debug|Any CPU.Build.0 = Debug|Any CPU
		{5BC059C6-FDBC-4D0E-9CBB-C9F8DC7BF818}.Release|Any CPU.ActiveCfg = Release|Any CPU
		{5BC059C6-FDBC-4D0E-9CBB-C9F8DC7BF818}.Release|Any CPU.Build.0 = Release|Any CPU
		{CF017BC6-F392-43F7-8E24-B45B599E934D}.Debug|Any CPU.ActiveCfg = Debug|Any CPU
		{CF017BC6-F392-43F7-8E24-B45B599E934D}.Debug|Any CPU.Build.0 = Debug|Any CPU
		{CF017BC6-F392-43F7-8E24-B45B599E934D}.Release|Any CPU.ActiveCfg = Release|Any CPU
		{CF017BC6-F392-43F7-8E24-B45B599E934D}.Release|Any CPU.Build.0 = Release|Any CPU
		{99D06C91-A40F-486D-997B-C1696A6C2D11}.Debug|Any CPU.ActiveCfg = Debug|Any CPU
		{99D06C91-A40F-486D-997B-C1696A6C2D11}.Debug|Any CPU.Build.0 = Debug|Any CPU
		{99D06C91-A40F-486D-997B-C1696A6C2D11}.Release|Any CPU.ActiveCfg = Release|Any CPU
		{99D06C91-A40F-486D-997B-C1696A6C2D11}.Release|Any CPU.Build.0 = Release|Any CPU
		{B59561F1-A14E-4E0F-9B5C-0AC6EE207AB2}.Debug|Any CPU.ActiveCfg = Debug|Any CPU
		{B59561F1-A14E-4E0F-9B5C-0AC6EE207AB2}.Debug|Any CPU.Build.0 = Debug|Any CPU
		{B59561F1-A14E-4E0F-9B5C-0AC6EE207AB2}.Release|Any CPU.ActiveCfg = Release|Any CPU
		{B59561F1-A14E-4E0F-9B5C-0AC6EE207AB2}.Release|Any CPU.Build.0 = Release|Any CPU
		{28B20BC7-081D-46E9-9A3A-6F33A095F61E}.Debug|Any CPU.ActiveCfg = Debug|Any CPU
		{28B20BC7-081D-46E9-9A3A-6F33A095F61E}.Debug|Any CPU.Build.0 = Debug|Any CPU
		{28B20BC7-081D-46E9-9A3A-6F33A095F61E}.Release|Any CPU.ActiveCfg = Release|Any CPU
		{28B20BC7-081D-46E9-9A3A-6F33A095F61E}.Release|Any CPU.Build.0 = Release|Any CPU
		{AD72FF9E-8012-4A54-876F-5B865307C4C7}.Debug|Any CPU.ActiveCfg = Debug|Any CPU
		{AD72FF9E-8012-4A54-876F-5B865307C4C7}.Debug|Any CPU.Build.0 = Debug|Any CPU
		{AD72FF9E-8012-4A54-876F-5B865307C4C7}.Release|Any CPU.ActiveCfg = Release|Any CPU
		{AD72FF9E-8012-4A54-876F-5B865307C4C7}.Release|Any CPU.Build.0 = Release|Any CPU
		{EE42D80B-F746-41DE-97DB-73A319E7ABFF}.Debug|Any CPU.ActiveCfg = Debug|Any CPU
		{EE42D80B-F746-41DE-97DB-73A319E7ABFF}.Debug|Any CPU.Build.0 = Debug|Any CPU
		{EE42D80B-F746-41DE-97DB-73A319E7ABFF}.Release|Any CPU.ActiveCfg = Release|Any CPU
		{EE42D80B-F746-41DE-97DB-73A319E7ABFF}.Release|Any CPU.Build.0 = Release|Any CPU
		{67130B8D-3E8A-4A4C-BEAD-923AF62E941D}.Debug|Any CPU.ActiveCfg = Debug|Any CPU
		{67130B8D-3E8A-4A4C-BEAD-923AF62E941D}.Debug|Any CPU.Build.0 = Debug|Any CPU
		{67130B8D-3E8A-4A4C-BEAD-923AF62E941D}.Release|Any CPU.ActiveCfg = Release|Any CPU
		{67130B8D-3E8A-4A4C-BEAD-923AF62E941D}.Release|Any CPU.Build.0 = Release|Any CPU
		{DE2E2206-322B-4356-8164-BC54ED242AFE}.Debug|Any CPU.ActiveCfg = Debug|Any CPU
		{DE2E2206-322B-4356-8164-BC54ED242AFE}.Debug|Any CPU.Build.0 = Debug|Any CPU
		{DE2E2206-322B-4356-8164-BC54ED242AFE}.Release|Any CPU.ActiveCfg = Release|Any CPU
		{DE2E2206-322B-4356-8164-BC54ED242AFE}.Release|Any CPU.Build.0 = Release|Any CPU
		{F3032A5F-F789-4BCA-BDC2-35BDF30EBCB9}.Debug|Any CPU.ActiveCfg = Debug|Any CPU
		{F3032A5F-F789-4BCA-BDC2-35BDF30EBCB9}.Debug|Any CPU.Build.0 = Debug|Any CPU
		{F3032A5F-F789-4BCA-BDC2-35BDF30EBCB9}.Release|Any CPU.ActiveCfg = Release|Any CPU
		{F3032A5F-F789-4BCA-BDC2-35BDF30EBCB9}.Release|Any CPU.Build.0 = Release|Any CPU
		{2DD65EA9-80C8-4212-B3EA-C0E4963DD965}.Debug|Any CPU.ActiveCfg = Debug|Any CPU
		{2DD65EA9-80C8-4212-B3EA-C0E4963DD965}.Debug|Any CPU.Build.0 = Debug|Any CPU
		{2DD65EA9-80C8-4212-B3EA-C0E4963DD965}.Release|Any CPU.ActiveCfg = Release|Any CPU
		{2DD65EA9-80C8-4212-B3EA-C0E4963DD965}.Release|Any CPU.Build.0 = Release|Any CPU
		{673A5B6F-B0BD-492E-84CE-75AF711C01E4}.Debug|Any CPU.ActiveCfg = Debug|Any CPU
		{673A5B6F-B0BD-492E-84CE-75AF711C01E4}.Debug|Any CPU.Build.0 = Debug|Any CPU
		{673A5B6F-B0BD-492E-84CE-75AF711C01E4}.Release|Any CPU.ActiveCfg = Release|Any CPU
		{673A5B6F-B0BD-492E-84CE-75AF711C01E4}.Release|Any CPU.Build.0 = Release|Any CPU
		{63110DFC-A7D6-4CDD-8695-FA40BB60C82A}.Debug|Any CPU.ActiveCfg = Debug|Any CPU
		{63110DFC-A7D6-4CDD-8695-FA40BB60C82A}.Debug|Any CPU.Build.0 = Debug|Any CPU
		{63110DFC-A7D6-4CDD-8695-FA40BB60C82A}.Release|Any CPU.ActiveCfg = Release|Any CPU
		{63110DFC-A7D6-4CDD-8695-FA40BB60C82A}.Release|Any CPU.Build.0 = Release|Any CPU
		{E96E02DF-061D-4E2F-B55C-80410F27E721}.Debug|Any CPU.ActiveCfg = Debug|Any CPU
		{E96E02DF-061D-4E2F-B55C-80410F27E721}.Debug|Any CPU.Build.0 = Debug|Any CPU
		{E96E02DF-061D-4E2F-B55C-80410F27E721}.Release|Any CPU.ActiveCfg = Release|Any CPU
		{E96E02DF-061D-4E2F-B55C-80410F27E721}.Release|Any CPU.Build.0 = Release|Any CPU
		{9350CCC9-7D7D-4FD5-B7BE-235885AF5A1E}.Debug|Any CPU.ActiveCfg = Debug|Any CPU
		{9350CCC9-7D7D-4FD5-B7BE-235885AF5A1E}.Debug|Any CPU.Build.0 = Debug|Any CPU
		{9350CCC9-7D7D-4FD5-B7BE-235885AF5A1E}.Release|Any CPU.ActiveCfg = Release|Any CPU
		{9350CCC9-7D7D-4FD5-B7BE-235885AF5A1E}.Release|Any CPU.Build.0 = Release|Any CPU
		{12E9B8DF-BD7D-4959-8957-40257024DE62}.Debug|Any CPU.ActiveCfg = Debug|Any CPU
		{12E9B8DF-BD7D-4959-8957-40257024DE62}.Debug|Any CPU.Build.0 = Debug|Any CPU
		{12E9B8DF-BD7D-4959-8957-40257024DE62}.Release|Any CPU.ActiveCfg = Release|Any CPU
		{12E9B8DF-BD7D-4959-8957-40257024DE62}.Release|Any CPU.Build.0 = Release|Any CPU
		{878CD588-6061-4A38-826E-9588AA354CB2}.Debug|Any CPU.ActiveCfg = Debug|Any CPU
		{878CD588-6061-4A38-826E-9588AA354CB2}.Debug|Any CPU.Build.0 = Debug|Any CPU
		{878CD588-6061-4A38-826E-9588AA354CB2}.Release|Any CPU.ActiveCfg = Release|Any CPU
		{878CD588-6061-4A38-826E-9588AA354CB2}.Release|Any CPU.Build.0 = Release|Any CPU
		{CF356B22-6AC3-49CE-824E-B4CB777AC2A2}.Debug|Any CPU.ActiveCfg = Debug|Any CPU
		{CF356B22-6AC3-49CE-824E-B4CB777AC2A2}.Debug|Any CPU.Build.0 = Debug|Any CPU
		{CF356B22-6AC3-49CE-824E-B4CB777AC2A2}.Release|Any CPU.ActiveCfg = Release|Any CPU
		{CF356B22-6AC3-49CE-824E-B4CB777AC2A2}.Release|Any CPU.Build.0 = Release|Any CPU
		{F9E42432-DFF7-4738-AFA6-4A1074FF5F34}.Debug|Any CPU.ActiveCfg = Debug|Any CPU
		{F9E42432-DFF7-4738-AFA6-4A1074FF5F34}.Debug|Any CPU.Build.0 = Debug|Any CPU
		{F9E42432-DFF7-4738-AFA6-4A1074FF5F34}.Release|Any CPU.ActiveCfg = Release|Any CPU
		{F9E42432-DFF7-4738-AFA6-4A1074FF5F34}.Release|Any CPU.Build.0 = Release|Any CPU
		{C7C86DA6-90B7-4E59-8424-376B8CFE73BB}.Debug|Any CPU.ActiveCfg = Debug|Any CPU
		{C7C86DA6-90B7-4E59-8424-376B8CFE73BB}.Debug|Any CPU.Build.0 = Debug|Any CPU
		{C7C86DA6-90B7-4E59-8424-376B8CFE73BB}.Release|Any CPU.ActiveCfg = Release|Any CPU
		{C7C86DA6-90B7-4E59-8424-376B8CFE73BB}.Release|Any CPU.Build.0 = Release|Any CPU
		{E950E4DF-5775-464F-A73E-A11F806DC3C3}.Debug|Any CPU.ActiveCfg = Debug|Any CPU
		{E950E4DF-5775-464F-A73E-A11F806DC3C3}.Debug|Any CPU.Build.0 = Debug|Any CPU
		{E950E4DF-5775-464F-A73E-A11F806DC3C3}.Release|Any CPU.ActiveCfg = Release|Any CPU
		{E950E4DF-5775-464F-A73E-A11F806DC3C3}.Release|Any CPU.Build.0 = Release|Any CPU
		{C0826163-27B3-436F-A007-78E0D22AAD91}.Debug|Any CPU.ActiveCfg = Debug|Any CPU
		{C0826163-27B3-436F-A007-78E0D22AAD91}.Debug|Any CPU.Build.0 = Debug|Any CPU
		{C0826163-27B3-436F-A007-78E0D22AAD91}.Release|Any CPU.ActiveCfg = Release|Any CPU
		{C0826163-27B3-436F-A007-78E0D22AAD91}.Release|Any CPU.Build.0 = Release|Any CPU
	EndGlobalSection
	GlobalSection(SolutionProperties) = preSolution
		HideSolutionNode = FALSE
	EndGlobalSection
EndGlobal
